
Microsoft Visual Studio Solution File, Format Version 12.00
# Visual Studio Version 17
VisualStudioVersion = 17.8.34330.188
MinimumVisualStudioVersion = 10.0.40219.1
Project("{FAE04EC0-301F-11D3-BF4B-00C04F79EFBC}") = "WinApp_Perfumes", "WinApp_Perfumes\WinApp_Perfumes.csproj", "{AA115FC4-E40F-4239-95C8-4D96E72FA282}"
EndProject
Global
	GlobalSection(SolutionConfigurationPlatforms) = preSolution
		Debug|Any CPU = Debug|Any CPU
		Release|Any CPU = Release|Any CPU
	EndGlobalSection
	GlobalSection(ProjectConfigurationPlatforms) = postSolution
		{AA115FC4-E40F-4239-95C8-4D96E72FA282}.Debug|Any CPU.ActiveCfg = Debug|Any CPU
		{AA115FC4-E40F-4239-95C8-4D96E72FA282}.Debug|Any CPU.Build.0 = Debug|Any CPU
		{AA115FC4-E40F-4239-95C8-4D96E72FA282}.Release|Any CPU.ActiveCfg = Release|Any CPU
		{AA115FC4-E40F-4239-95C8-4D96E72FA282}.Release|Any CPU.Build.0 = Release|Any CPU
	EndGlobalSection
	GlobalSection(SolutionProperties) = preSolution
		HideSolutionNode = FALSE
	EndGlobalSection
	GlobalSection(ExtensibilityGlobals) = postSolution
		SolutionGuid = {727F6ECC-36CC-4A18-9CC8-CDF701794A6F}
	EndGlobalSection
EndGlobal
